
Microsoft Visual Studio Solution File, Format Version 12.00
# Visual Studio Version 17
VisualStudioVersion = 17.1.32319.34
MinimumVisualStudioVersion = 10.0.40219.1
Project("{8BC9CEB8-8B4A-11D0-8D11-00A0C91BC942}") = "ŁazikBardzoSzybko", "ŁazikBardzoSzybko\ŁazikBardzoSzybko.vcxproj", "{C070D623-F72A-472D-B39D-96014DA02181}"
EndProject
Global
	GlobalSection(SolutionConfigurationPlatforms) = preSolution
		Debug|ARM = Debug|ARM
		Debug|ARM64 = Debug|ARM64
		Debug|x64 = Debug|x64
		Debug|x86 = Debug|x86
		Release|ARM = Release|ARM
		Release|ARM64 = Release|ARM64
		Release|x64 = Release|x64
		Release|x86 = Release|x86
	EndGlobalSection
	GlobalSection(ProjectConfigurationPlatforms) = postSolution
		{C070D623-F72A-472D-B39D-96014DA02181}.Debug|ARM.ActiveCfg = Debug|ARM
		{C070D623-F72A-472D-B39D-96014DA02181}.Debug|ARM.Build.0 = Debug|ARM
		{C070D623-F72A-472D-B39D-96014DA02181}.Debug|ARM.Deploy.0 = Debug|ARM
		{C070D623-F72A-472D-B39D-96014DA02181}.Debug|ARM64.ActiveCfg = Debug|ARM64
		{C070D623-F72A-472D-B39D-96014DA02181}.Debug|ARM64.Build.0 = Debug|ARM64
		{C070D623-F72A-472D-B39D-96014DA02181}.Debug|ARM64.Deploy.0 = Debug|ARM64
		{C070D623-F72A-472D-B39D-96014DA02181}.Debug|x64.ActiveCfg = Debug|x64
		{C070D623-F72A-472D-B39D-96014DA02181}.Debug|x64.Build.0 = Debug|x64
		{C070D623-F72A-472D-B39D-96014DA02181}.Debug|x64.Deploy.0 = Debug|x64
		{C070D623-F72A-472D-B39D-96014DA02181}.Debug|x86.ActiveCfg = Debug|x86
		{C070D623-F72A-472D-B39D-96014DA02181}.Debug|x86.Build.0 = Debug|x86
		{C070D623-F72A-472D-B39D-96014DA02181}.Debug|x86.Deploy.0 = Debug|x86
		{C070D623-F72A-472D-B39D-96014DA02181}.Release|ARM.ActiveCfg = Release|ARM
		{C070D623-F72A-472D-B39D-96014DA02181}.Release|ARM.Build.0 = Release|ARM
		{C070D623-F72A-472D-B39D-96014DA02181}.Release|ARM.Deploy.0 = Release|ARM
		{C070D623-F72A-472D-B39D-96014DA02181}.Release|ARM64.ActiveCfg = Release|ARM64
		{C070D623-F72A-472D-B39D-96014DA02181}.Release|ARM64.Build.0 = Release|ARM64
		{C070D623-F72A-472D-B39D-96014DA02181}.Release|ARM64.Deploy.0 = Release|ARM64
		{C070D623-F72A-472D-B39D-96014DA02181}.Release|x64.ActiveCfg = Release|x64
		{C070D623-F72A-472D-B39D-96014DA02181}.Release|x64.Build.0 = Release|x64
		{C070D623-F72A-472D-B39D-96014DA02181}.Release|x64.Deploy.0 = Release|x64
		{C070D623-F72A-472D-B39D-96014DA02181}.Release|x86.ActiveCfg = Release|x86
		{C070D623-F72A-472D-B39D-96014DA02181}.Release|x86.Build.0 = Release|x86
		{C070D623-F72A-472D-B39D-96014DA02181}.Release|x86.Deploy.0 = Release|x86
	EndGlobalSection
	GlobalSection(SolutionProperties) = preSolution
		HideSolutionNode = FALSE
	EndGlobalSection
	GlobalSection(ExtensibilityGlobals) = postSolution
		SolutionGuid = {6FFC4361-43BA-43C6-87DD-0F294AB4216A}
	EndGlobalSection
EndGlobal
